github.com/buptmiao/parallel v0.0.0-20170103080846-f8134e9f60c6 h1:LvlqzDHYGWyxuJQj8QzzZPC6nbOBBnfrH28zHY9gLgo=
github.com/buptmiao/parallel v0.0.0-20170103080846-f8134e9f60c6/go.mod h1:FEA3W6N8c6UeqZbc3ZvfRr2mXleMNEXOEp2AzoGjI1o=
github.com/zer-far/roulette v0.0.0-20240127203307-9a23bcb19a1c h1:NuOSbUIaT4q32CSfFqMJ9P+24EioFSPubvX+8Q4YPiY=
github.com/zer-far/roulette v0.0.0-20240127203307-9a23bcb19a1c/go.mod h1:KSvw+JWKm/R6ZZf1HXUPP7w83fFnw9HvcHv452aNj08=
